
Microsoft Visual Studio Solution File, Format Version 12.00
# Visual Studio Version 17
VisualStudioVersion = 17.14.36327.8 d17.14
MinimumVisualStudioVersion = 10.0.40219.1
Project("{FAE04EC0-301F-11D3-BF4B-00C04F79EFBC}") = "azure-learning", "azure-learning\azure-learning.csproj", "{76BDEE9B-A19E-436D-96AE-64BBD00C89B6}"
EndProject
Global
	GlobalSection(SolutionConfigurationPlatforms) = preSolution
		Debug|Any CPU = Debug|Any CPU
		Release|Any CPU = Release|Any CPU
	EndGlobalSection
	GlobalSection(ProjectConfigurationPlatforms) = postSolution
		{76BDEE9B-A19E-436D-96AE-64BBD00C89B6}.Debug|Any CPU.ActiveCfg = Debug|Any CPU
		{76BDEE9B-A19E-436D-96AE-64BBD00C89B6}.Debug|Any CPU.Build.0 = Debug|Any CPU
		{76BDEE9B-A19E-436D-96AE-64BBD00C89B6}.Release|Any CPU.ActiveCfg = Release|Any CPU
		{76BDEE9B-A19E-436D-96AE-64BBD00C89B6}.Release|Any CPU.Build.0 = Release|Any CPU
	EndGlobalSection
	GlobalSection(SolutionProperties) = preSolution
		HideSolutionNode = FALSE
	EndGlobalSection
	GlobalSection(ExtensibilityGlobals) = postSolution
		SolutionGuid = {746EC981-B0B7-4E57-8DDE-029769595964}
	EndGlobalSection
EndGlobal
